
Microsoft Visual Studio Solution File, Format Version 12.00
# Visual Studio Version 17
VisualStudioVersion = 17.0.31903.59
MinimumVisualStudioVersion = 10.0.40219.1
Project("{FAE04EC0-301F-11D3-BF4B-00C04F79EFBC}") = "Squares.Application", "Squares.Application\Squares.Application.csproj", "{A1BBCEEB-27FF-4383-993E-B87EE71A4393}"
EndProject
Project("{FAE04EC0-301F-11D3-BF4B-00C04F79EFBC}") = "Squares.Infrastructure", "Squares.Infrastructure\Squares.Infrastructure.csproj", "{C06D58CD-CCB1-42F9-9497-C4D3097503F9}"
EndProject
Project("{FAE04EC0-301F-11D3-BF4B-00C04F79EFBC}") = "Squares.Domain", "Squares.Domain\Squares.Domain.csproj", "{C76269E6-EC6C-468C-9049-2AAC6E548F94}"
EndProject
Project("{FAE04EC0-301F-11D3-BF4B-00C04F79EFBC}") = "Squares.Server", "Squares.Server\Squares.Server.csproj", "{82529DAC-9D75-4B2F-97C3-CA245665D076}"
EndProject
Project("{FAE04EC0-301F-11D3-BF4B-00C04F79EFBC}") = "Squares.Tests", "Squares.Tests\Squares.Tests.csproj", "{83B76D2E-29BC-460A-B966-649A033AC722}"
EndProject
Global
	GlobalSection(SolutionConfigurationPlatforms) = preSolution
		Debug|Any CPU = Debug|Any CPU
		Debug|x64 = Debug|x64
		Debug|x86 = Debug|x86
		Release|Any CPU = Release|Any CPU
		Release|x64 = Release|x64
		Release|x86 = Release|x86
	EndGlobalSection
	GlobalSection(ProjectConfigurationPlatforms) = postSolution
		{A1BBCEEB-27FF-4383-993E-B87EE71A4393}.Debug|Any CPU.ActiveCfg = Debug|Any CPU
		{A1BBCEEB-27FF-4383-993E-B87EE71A4393}.Debug|Any CPU.Build.0 = Debug|Any CPU
		{A1BBCEEB-27FF-4383-993E-B87EE71A4393}.Debug|x64.ActiveCfg = Debug|Any CPU
		{A1BBCEEB-27FF-4383-993E-B87EE71A4393}.Debug|x64.Build.0 = Debug|Any CPU
		{A1BBCEEB-27FF-4383-993E-B87EE71A4393}.Debug|x86.ActiveCfg = Debug|Any CPU
		{A1BBCEEB-27FF-4383-993E-B87EE71A4393}.Debug|x86.Build.0 = Debug|Any CPU
		{A1BBCEEB-27FF-4383-993E-B87EE71A4393}.Release|Any CPU.ActiveCfg = Release|Any CPU
		{A1BBCEEB-27FF-4383-993E-B87EE71A4393}.Release|Any CPU.Build.0 = Release|Any CPU
		{A1BBCEEB-27FF-4383-993E-B87EE71A4393}.Release|x64.ActiveCfg = Release|Any CPU
		{A1BBCEEB-27FF-4383-993E-B87EE71A4393}.Release|x64.Build.0 = Release|Any CPU
		{A1BBCEEB-27FF-4383-993E-B87EE71A4393}.Release|x86.ActiveCfg = Release|Any CPU
		{A1BBCEEB-27FF-4383-993E-B87EE71A4393}.Release|x86.Build.0 = Release|Any CPU
		{C06D58CD-CCB1-42F9-9497-C4D3097503F9}.Debug|Any CPU.ActiveCfg = Debug|Any CPU
		{C06D58CD-CCB1-42F9-9497-C4D3097503F9}.Debug|Any CPU.Build.0 = Debug|Any CPU
		{C06D58CD-CCB1-42F9-9497-C4D3097503F9}.Debug|x64.ActiveCfg = Debug|Any CPU
		{C06D58CD-CCB1-42F9-9497-C4D3097503F9}.Debug|x64.Build.0 = Debug|Any CPU
		{C06D58CD-CCB1-42F9-9497-C4D3097503F9}.Debug|x86.ActiveCfg = Debug|Any CPU
		{C06D58CD-CCB1-42F9-9497-C4D3097503F9}.Debug|x86.Build.0 = Debug|Any CPU
		{C06D58CD-CCB1-42F9-9497-C4D3097503F9}.Release|Any CPU.ActiveCfg = Release|Any CPU
		{C06D58CD-CCB1-42F9-9497-C4D3097503F9}.Release|Any CPU.Build.0 = Release|Any CPU
		{C06D58CD-CCB1-42F9-9497-C4D3097503F9}.Release|x64.ActiveCfg = Release|Any CPU
		{C06D58CD-CCB1-42F9-9497-C4D3097503F9}.Release|x64.Build.0 = Release|Any CPU
		{C06D58CD-CCB1-42F9-9497-C4D3097503F9}.Release|x86.ActiveCfg = Release|Any CPU
		{C06D58CD-CCB1-42F9-9497-C4D3097503F9}.Release|x86.Build.0 = Release|Any CPU
		{C76269E6-EC6C-468C-9049-2AAC6E548F94}.Debug|Any CPU.ActiveCfg = Debug|Any CPU
		{C76269E6-EC6C-468C-9049-2AAC6E548F94}.Debug|Any CPU.Build.0 = Debug|Any CPU
		{C76269E6-EC6C-468C-9049-2AAC6E548F94}.Debug|x64.ActiveCfg = Debug|Any CPU
		{C76269E6-EC6C-468C-9049-2AAC6E548F94}.Debug|x64.Build.0 = Debug|Any CPU
		{C76269E6-EC6C-468C-9049-2AAC6E548F94}.Debug|x86.ActiveCfg = Debug|Any CPU
		{C76269E6-EC6C-468C-9049-2AAC6E548F94}.Debug|x86.Build.0 = Debug|Any CPU
		{C76269E6-EC6C-468C-9049-2AAC6E548F94}.Release|Any CPU.ActiveCfg = Release|Any CPU
		{C76269E6-EC6C-468C-9049-2AAC6E548F94}.Release|Any CPU.Build.0 = Release|Any CPU
		{C76269E6-EC6C-468C-9049-2AAC6E548F94}.Release|x64.ActiveCfg = Release|Any CPU
		{C76269E6-EC6C-468C-9049-2AAC6E548F94}.Release|x64.Build.0 = Release|Any CPU
		{C76269E6-EC6C-468C-9049-2AAC6E548F94}.Release|x86.ActiveCfg = Release|Any CPU
		{C76269E6-EC6C-468C-9049-2AAC6E548F94}.Release|x86.Build.0 = Release|Any CPU
		{82529DAC-9D75-4B2F-97C3-CA245665D076}.Debug|Any CPU.ActiveCfg = Debug|Any CPU
		{82529DAC-9D75-4B2F-97C3-CA245665D076}.Debug|Any CPU.Build.0 = Debug|Any CPU
		{82529DAC-9D75-4B2F-97C3-CA245665D076}.Debug|x64.ActiveCfg = Debug|Any CPU
		{82529DAC-9D75-4B2F-97C3-CA245665D076}.Debug|x64.Build.0 = Debug|Any CPU
		{82529DAC-9D75-4B2F-97C3-CA245665D076}.Debug|x86.ActiveCfg = Debug|Any CPU
		{82529DAC-9D75-4B2F-97C3-CA245665D076}.Debug|x86.Build.0 = Debug|Any CPU
		{82529DAC-9D75-4B2F-97C3-CA245665D076}.Release|Any CPU.ActiveCfg = Release|Any CPU
		{82529DAC-9D75-4B2F-97C3-CA245665D076}.Release|Any CPU.Build.0 = Release|Any CPU
		{82529DAC-9D75-4B2F-97C3-CA245665D076}.Release|x64.ActiveCfg = Release|Any CPU
		{82529DAC-9D75-4B2F-97C3-CA245665D076}.Release|x64.Build.0 = Release|Any CPU
		{82529DAC-9D75-4B2F-97C3-CA245665D076}.Release|x86.ActiveCfg = Release|Any CPU
		{82529DAC-9D75-4B2F-97C3-CA245665D076}.Release|x86.Build.0 = Release|Any CPU
		{83B76D2E-29BC-460A-B966-649A033AC722}.Debug|Any CPU.ActiveCfg = Debug|Any CPU
		{83B76D2E-29BC-460A-B966-649A033AC722}.Debug|Any CPU.Build.0 = Debug|Any CPU
		{83B76D2E-29BC-460A-B966-649A033AC722}.Debug|x64.ActiveCfg = Debug|Any CPU
		{83B76D2E-29BC-460A-B966-649A033AC722}.Debug|x64.Build.0 = Debug|Any CPU
		{83B76D2E-29BC-460A-B966-649A033AC722}.Debug|x86.ActiveCfg = Debug|Any CPU
		{83B76D2E-29BC-460A-B966-649A033AC722}.Debug|x86.Build.0 = Debug|Any CPU
		{83B76D2E-29BC-460A-B966-649A033AC722}.Release|Any CPU.ActiveCfg = Release|Any CPU
		{83B76D2E-29BC-460A-B966-649A033AC722}.Release|Any CPU.Build.0 = Release|Any CPU
		{83B76D2E-29BC-460A-B966-649A033AC722}.Release|x64.ActiveCfg = Release|Any CPU
		{83B76D2E-29BC-460A-B966-649A033AC722}.Release|x64.Build.0 = Release|Any CPU
		{83B76D2E-29BC-460A-B966-649A033AC722}.Release|x86.ActiveCfg = Release|Any CPU
		{83B76D2E-29BC-460A-B966-649A033AC722}.Release|x86.Build.0 = Release|Any CPU
	EndGlobalSection
	GlobalSection(SolutionProperties) = preSolution
		HideSolutionNode = FALSE
	EndGlobalSection
EndGlobal
